
Microsoft Visual Studio Solution File, Format Version 12.00
# Visual Studio 15
VisualStudioVersion = 15.0.28307.1259
MinimumVisualStudioVersion = 10.0.40219.1
Project("{888888A0-9F3D-457C-B088-3A5042F75D52}") = "TelcoCustomerChurn", "TelcoCustomerChurn\TelcoCustomerChurn.pyproj", "{181B8916-E248-4B30-8835-E474A6F4EE3D}"
EndProject
Global
	GlobalSection(SolutionConfigurationPlatforms) = preSolution
		Debug|Any CPU = Debug|Any CPU
		Release|Any CPU = Release|Any CPU
	EndGlobalSection
	GlobalSection(ProjectConfigurationPlatforms) = postSolution
		{181B8916-E248-4B30-8835-E474A6F4EE3D}.Debug|Any CPU.ActiveCfg = Debug|Any CPU
		{181B8916-E248-4B30-8835-E474A6F4EE3D}.Release|Any CPU.ActiveCfg = Release|Any CPU
	EndGlobalSection
	GlobalSection(SolutionProperties) = preSolution
		HideSolutionNode = FALSE
	EndGlobalSection
	GlobalSection(ExtensibilityGlobals) = postSolution
		SolutionGuid = {89093550-7271-4C69-883D-84B89E93F0BA}
	EndGlobalSection
EndGlobal
